{
  "nodes": {
    "home-manager": {
      "inputs": {
        "nixpkgs": [
          "nixpkgs"
        ]
      },
      "locked": {
        "lastModified": 1790110821,
        "narHash": "sha256-4vgPxAtYGryB/9SZVFMrcRKmNcOqcN3+MwRJPTVpb1o=",
        "owner": "nix-community",
        "repo": "home-manager",
        "rev": "a5768f1a46942657352e58037b7891bdcbc0741f",
        "type": "github"
      },
      "original": {
        "owner": "nix-community",
        "repo": "home-manager",
        "type": "github"
      }
    },
    "nixpkgs": {
      "locked": {
        "lastModified": 1790046670,
        "narHash": "sha256-MYiI+CzL0tuWgRPjGsKCDHqYs2T3OzMlMQWOYWG0qso=",
        "owner": "nixos",
        "repo": "nixpkgs",
        "rev": "6774f7bc253789b113a4f39285dc0fa100abeacc",
        "type": "github"
      },
      "original": {
        "owner": "nixos",
        "ref": "nixos-unstable",
        "repo": "nixpkgs",
        "type": "github"
      }
    },
    "nixpkgs-stable": {
      "locked": {
        "lastModified": 1782847189,
        "narHash": "sha256-twXPFqFsrrY5r28Zh7Homgcp2gUMBgQ6WDS98Q/3xFI=",
        "owner": "nixos",
        "repo": "nixpkgs",
        "rev": "b6018f87da91d19d0ab4cf979885689b469cdd41",
        "type": "github"
      },
      "original": {
        "owner": "nixos",
        "ref": "nixos-25.11",
        "repo": "nixpkgs",
        "type": "github"
      }
    },
    "python-analytics-skills": {
      "flake": false,
      "locked": {
        "lastModified": 1789756950,
        "narHash": "sha256-qizQ4iajQ1T78/TfbmntINAbV9l3jjqmYdmxqY76n4w=",
        "owner": "pymc-labs",
        "repo": "python-analytics-skills",
        "rev": "423a33c583b660ee2083442dc908ab3b4e81a7ef",
        "type": "github"
      },
      "original": {
        "owner": "pymc-labs",
        "repo": "python-analytics-skills",
        "type": "github"
      }
    },
    "root": {
      "inputs": {
        "home-manager": "home-manager",
        "nixpkgs": "nixpkgs",
        "nixpkgs-stable": "nixpkgs-stable",
        "python-analytics-skills": "python-analytics-skills",
        "superpowers-skills": "superpowers-skills",
        "vercel-skills": "vercel-skills"
      }
    },
    "superpowers-skills": {
      "flake": false,
      "locked": {
        "lastModified": 1788663562,
        "narHash": "sha256-Cbp0qgYQwvz84CgVuveHsKjotbyCINRsThh9XJMSIuw=",
        "owner": "awdemos",
        "repo": "opencode-superpowers",
        "rev": "27db5205139981b20224709b4e7b4b2233336b65",
        "type": "github"
      },
      "original": {
        "owner": "awdemos",
        "repo": "opencode-superpowers",
        "type": "github"
      }
    },
    "vercel-skills": {
      "flake": false,
      "locked": {
        "lastModified": 1789657217,
        "narHash": "sha256-/B2el3+KYXohGCM4JaHl2EUx1c6mlYdUNrWiE0z/7lA=",
        "owner": "vercel-labs",
        "repo": "skills",
        "rev": "7407f3893ad4dceab546ac002c3ef806e4000c73",
        "type": "github"
      },
      "original": {
        "owner": "vercel-labs",
        "repo": "skills",
        "type": "github"
      }
    }
  },
  "root": "root",
  "version": 7
}
